
Microsoft Visual Studio Solution File, Format Version 12.00
# Visual Studio Version 17
VisualStudioVersion = 17.0.31903.59
MinimumVisualStudioVersion = 10.0.40219.1
Project("{FAE04EC0-301F-11D3-BF4B-00C04F79EFBC}") = "PerformanceTest", "PerformanceTest\PerformanceTest.csproj", "{0065E899-596D-4B16-9CF5-E917DD957DAB}"
EndProject
Project("{9A19103F-16F7-4668-BE54-9A1E7A4F7556}") = "MultiFacetLucene", "MultiFacetLucene\MultiFacetLucene.csproj", "{87059512-913A-4B3D-BD07-C13419852B81}"
EndProject
Project("{9A19103F-16F7-4668-BE54-9A1E7A4F7556}") = "MultiFacetLucene.Tests", "MultiFacetLucene.Tests\MultiFacetLucene.Tests.csproj", "{B2573CD0-8A9E-43EA-BFB3-6056FB41C2D2}"
EndProject
Global
	GlobalSection(SolutionConfigurationPlatforms) = preSolution
		Debug|Any CPU = Debug|Any CPU
		Release|Any CPU = Release|Any CPU
	EndGlobalSection
	GlobalSection(ProjectConfigurationPlatforms) = postSolution
		{0065E899-596D-4B16-9CF5-E917DD957DAB}.Debug|Any CPU.ActiveCfg = Debug|Any CPU
		{0065E899-596D-4B16-9CF5-E917DD957DAB}.Debug|Any CPU.Build.0 = Debug|Any CPU
		{0065E899-596D-4B16-9CF5-E917DD957DAB}.Release|Any CPU.ActiveCfg = Release|Any CPU
		{0065E899-596D-4B16-9CF5-E917DD957DAB}.Release|Any CPU.Build.0 = Release|Any CPU
		{87059512-913A-4B3D-BD07-C13419852B81}.Debug|Any CPU.ActiveCfg = Debug|Any CPU
		{87059512-913A-4B3D-BD07-C13419852B81}.Debug|Any CPU.Build.0 = Debug|Any CPU
		{87059512-913A-4B3D-BD07-C13419852B81}.Release|Any CPU.ActiveCfg = Release|Any CPU
		{87059512-913A-4B3D-BD07-C13419852B81}.Release|Any CPU.Build.0 = Release|Any CPU
		{B2573CD0-8A9E-43EA-BFB3-6056FB41C2D2}.Debug|Any CPU.ActiveCfg = Debug|Any CPU
		{B2573CD0-8A9E-43EA-BFB3-6056FB41C2D2}.Debug|Any CPU.Build.0 = Debug|Any CPU
		{B2573CD0-8A9E-43EA-BFB3-6056FB41C2D2}.Release|Any CPU.ActiveCfg = Release|Any CPU
		{B2573CD0-8A9E-43EA-BFB3-6056FB41C2D2}.Release|Any CPU.Build.0 = Release|Any CPU
	EndGlobalSection
	GlobalSection(SolutionProperties) = preSolution
		HideSolutionNode = FALSE
	EndGlobalSection
	GlobalSection(ExtensibilityGlobals) = postSolution
		SolutionGuid = {D0C27F1D-550D-403C-9243-107D171EE003}
	EndGlobalSection
EndGlobal
